// !$*UTF8*$!
{
	archiveVersion = 1;
	classes = {
	};
	objectVersion = 77;
	objects = {

/* Begin PBXBuildFile section */
		46EB2CE62E3A8A420053C617 /* DiceApp.swift in Sources */ = {isa = PBXBuildFile; fileRef = 46EB2CE32E3A8A420053C617 /* DiceApp.swift */; };
		46EB2CE72E3A8A420053C617 /* ContentView.swift in Sources */ = {isa = PBXBuildFile; fileRef = 46EB2CE22E3A8A420053C617 /* ContentView.swift */; };
		46EB2CEC2E3A8B0F0053C617 /* art.scnassets in Resources */ = {isa = PBXBuildFile; fileRef = 46EB2CEB2E3A8B0F0053C617 /* art.scnassets */; };
		46EB2CF42E3A8DC20053C617 /* Main.storyboard in Resources */ = {isa = PBXBuildFile; fileRef = 46EB2CF22E3A8DC20053C617 /* Main.storyboard */; };
		46EB2CF52E3A8DC20053C617 /* LaunchScreen.storyboard in Resources */ = {isa = PBXBuildFile; fileRef = 46EB2CF02E3A8DC20053C617 /* LaunchScreen.storyboard */; };
		46EB2CFB2E3A93020053C617 /* Assets.xcassets in Resources */ = {isa = PBXBuildFile; fileRef = 46EB2CFA2E3A93020053C617 /* Assets.xcassets */; };
		46EB2CFF2E3A99DF0053C617 /* dice-roll.mp3 in Resources */ = {isa = PBXBuildFile; fileRef = 46EB2CFE2E3A99DF0053C617 /* dice-roll.mp3 */; };
/* End PBXBuildFile section */

/* Begin PBXContainerItemProxy section */
		462670C52E3A825E009AE687 /* PBXContainerItemProxy */ = {
			isa = PBXContainerItemProxy;
			containerPortal = 462670AF2E3A825D009AE687 /* Project object */;
			proxyType = 1;
			remoteGlobalIDString = 462670B62E3A825D009AE687;
			remoteInfo = Dice;
		};
		462670CF2E3A825E009AE687 /* PBXContainerItemProxy */ = {
			isa = PBXContainerItemProxy;
			containerPortal = 462670AF2E3A825D009AE687 /* Project object */;
			proxyType = 1;
			remoteGlobalIDString = 462670B62E3A825D009AE687;
			remoteInfo = Dice;
		};
/* End PBXContainerItemProxy section */

/* Begin PBXFileReference section */
		462670B72E3A825D009AE687 /* Dice.app */ = {isa = PBXFileReference; explicitFileType = wrapper.application; includeInIndex = 0; path = Dice.app; sourceTree = BUILT_PRODUCTS_DIR; };
		462670C42E3A825E009AE687 /* DiceTests.xctest */ = {isa = PBXFileReference; explicitFileType = wrapper.cfbundle; includeInIndex = 0; path = DiceTests.xctest; sourceTree = BUILT_PRODUCTS_DIR; };
		462670CE2E3A825E009AE687 /* DiceUITests.xctest */ = {isa = PBXFileReference; explicitFileType = wrapper.cfbundle; includeInIndex = 0; path = DiceUITests.xctest; sourceTree = BUILT_PRODUCTS_DIR; };
		46EB2CE22E3A8A420053C617 /* ContentView.swift */ = {isa = PBXFileReference; lastKnownFileType = sourcecode.swift; path = ContentView.swift; sourceTree = "<group>"; };
		46EB2CE32E3A8A420053C617 /* DiceApp.swift */ = {isa = PBXFileReference; lastKnownFileType = sourcecode.swift; path = DiceApp.swift; sourceTree = "<group>"; };
		46EB2CE42E3A8A420053C617 /* Info.plist */ = {isa = PBXFileReference; lastKnownFileType = text.plist.xml; path = Info.plist; sourceTree = "<group>"; };
		46EB2CEB2E3A8B0F0053C617 /* art.scnassets */ = {isa = PBXFileReference; lastKnownFileType = wrapper.scnassets; path = art.scnassets; sourceTree = "<group>"; };
		46EB2CEF2E3A8DC20053C617 /* Base */ = {isa = PBXFileReference; lastKnownFileType = file.storyboard; name = Base; path = LaunchScreen.storyboard; sourceTree = "<group>"; };
		46EB2CF12E3A8DC20053C617 /* Base */ = {isa = PBXFileReference; lastKnownFileType = file.storyboard; name = Base; path = Main.storyboard; sourceTree = "<group>"; };
		46EB2CFA2E3A93020053C617 /* Assets.xcassets */ = {isa = PBXFileReference; lastKnownFileType = folder.assetcatalog; name = Assets.xcassets; path = "/Users/abhishek/Downloads/AppIcons (1)/Assets.xcassets"; sourceTree = "<absolute>"; };
		46EB2CFE2E3A99DF0053C617 /* dice-roll.mp3 */ = {isa = PBXFileReference; lastKnownFileType = audio.mp3; name = "dice-roll.mp3"; path = "/Users/abhishek/Downloads/dice-roll.mp3"; sourceTree = "<absolute>"; };
/* End PBXFileReference section */

/* Begin PBXFileSystemSynchronizedRootGroup section */
		462670C72E3A825E009AE687 /* DiceTests */ = {
			isa = PBXFileSystemSynchronizedRootGroup;
			path = DiceTests;
			sourceTree = "<group>";
		};
		462670D12E3A825E009AE687 /* DiceUITests */ = {
			isa = PBXFileSystemSynchronizedRootGroup;
			path = DiceUITests;
			sourceTree = "<group>";
		};
/* End PBXFileSystemSynchronizedRootGroup section */

/* Begin PBXFrameworksBuildPhase section */
		462670B42E3A825D009AE687 /* Frameworks */ = {
			isa = PBXFrameworksBuildPhase;
			buildActionMask = 2147483647;
			files = (
			);
			runOnlyForDeploymentPostprocessing = 0;
		};
		462670C12E3A825E009AE687 /* Frameworks */ = {
			isa = PBXFrameworksBuildPhase;
			buildActionMask = 2147483647;
			files = (
			);
			runOnlyForDeploymentPostprocessing = 0;
		};
		462670CB2E3A825E009AE687 /* Frameworks */ = {
			isa = PBXFrameworksBuildPhase;
			buildActionMask = 2147483647;
			files = (
			);
			runOnlyForDeploymentPostprocessing = 0;
		};
/* End PBXFrameworksBuildPhase section */

/* Begin PBXGroup section */
		462670AE2E3A825D009AE687 = {
			isa = PBXGroup;
			children = (
				46EB2CE52E3A8A420053C617 /* Dice */,
				462670C72E3A825E009AE687 /* DiceTests */,
				462670D12E3A825E009AE687 /* DiceUITests */,
				462670B82E3A825D009AE687 /* Products */,
			);
			sourceTree = "<group>";
		};
		462670B82E3A825D009AE687 /* Products */ = {
			isa = PBXGroup;
			children = (
				462670B72E3A825D009AE687 /* Dice.app */,
				462670C42E3A825E009AE687 /* DiceTests.xctest */,
				462670CE2E3A825E009AE687 /* DiceUITests.xctest */,
			);
			name = Products;
			sourceTree = "<group>";
		};
		46EB2CE52E3A8A420053C617 /* Dice */ = {
			isa = PBXGroup;
			children = (
				46EB2CFE2E3A99DF0053C617 /* dice-roll.mp3 */,
				46EB2CF32E3A8DC20053C617 /* Base.lproj */,
				46EB2CEB2E3A8B0F0053C617 /* art.scnassets */,
				46EB2CE22E3A8A420053C617 /* ContentView.swift */,
				46EB2CE32E3A8A420053C617 /* DiceApp.swift */,
				46EB2CE42E3A8A420053C617 /* Info.plist */,
				46EB2CFA2E3A93020053C617 /* Assets.xcassets */,
			);
			path = Dice;
			sourceTree = "<group>";
		};
		46EB2CF32E3A8DC20053C617 /* Base.lproj */ = {
			isa = PBXGroup;
			children = (
				46EB2CF02E3A8DC20053C617 /* LaunchScreen.storyboard */,
				46EB2CF22E3A8DC20053C617 /* Main.storyboard */,
			);
			name = Base.lproj;
			path = "/Users/abhishek/Downloads/ARdice-master/ARdice/Base.lproj";
			sourceTree = "<absolute>";
		};
/* End PBXGroup section */

/* Begin PBXNativeTarget section */
		462670B62E3A825D009AE687 /* Dice */ = {
			isa = PBXNativeTarget;
			buildConfigurationList = 462670D82E3A825E009AE687 /* Build configuration list for PBXNativeTarget "Dice" */;
			buildPhases = (
				462670B32E3A825D009AE687 /* Sources */,
				462670B42E3A825D009AE687 /* Frameworks */,
				462670B52E3A825D009AE687 /* Resources */,
			);
			buildRules = (
			);
			dependencies = (
			);
			name = Dice;
			packageProductDependencies = (
			);
			productName = Dice;
			productReference = 462670B72E3A825D009AE687 /* Dice.app */;
			productType = "com.apple.product-type.application";
		};
		462670C32E3A825E009AE687 /* DiceTests */ = {
			isa = PBXNativeTarget;
			buildConfigurationList = 462670DB2E3A825E009AE687 /* Build configuration list for PBXNativeTarget "DiceTests" */;
			buildPhases = (
				462670C02E3A825E009AE687 /* Sources */,
				462670C12E3A825E009AE687 /* Frameworks */,
				462670C22E3A825E009AE687 /* Resources */,
			);
			buildRules = (
			);
			dependencies = (
				462670C62E3A825E009AE687 /* PBXTargetDependency */,
			);
			fileSystemSynchronizedGroups = (
				462670C72E3A825E009AE687 /* DiceTests */,
			);
			name = DiceTests;
			packageProductDependencies = (
			);
			productName = DiceTests;
			productReference = 462670C42E3A825E009AE687 /* DiceTests.xctest */;
			productType = "com.apple.product-type.bundle.unit-test";
		};
		462670CD2E3A825E009AE687 /* DiceUITests */ = {
			isa = PBXNativeTarget;
			buildConfigurationList = 462670DE2E3A825E009AE687 /* Build configuration list for PBXNativeTarget "DiceUITests" */;
			buildPhases = (
				462670CA2E3A825E009AE687 /* Sources */,
				462670CB2E3A825E009AE687 /* Frameworks */,
				462670CC2E3A825E009AE687 /* Resources */,
			);
			buildRules = (
			);
			dependencies = (
				462670D02E3A825E009AE687 /* PBXTargetDependency */,
			);
			fileSystemSynchronizedGroups = (
				462670D12E3A825E009AE687 /* DiceUITests */,
			);
			name = DiceUITests;
			packageProductDependencies = (
			);
			productName = DiceUITests;
			productReference = 462670CE2E3A825E009AE687 /* DiceUITests.xctest */;
			productType = "com.apple.product-type.bundle.ui-testing";
		};
/* End PBXNativeTarget section */

/* Begin PBXProject section */
		462670AF2E3A825D009AE687 /* Project object */ = {
			isa = PBXProject;
			attributes = {
				BuildIndependentTargetsInParallel = 1;
				LastSwiftUpdateCheck = 1640;
				LastUpgradeCheck = 1640;
				TargetAttributes = {
					462670B62E3A825D009AE687 = {
						CreatedOnToolsVersion = 16.4;
					};
					462670C32E3A825E009AE687 = {
						CreatedOnToolsVersion = 16.4;
						TestTargetID = 462670B62E3A825D009AE687;
					};
					462670CD2E3A825E009AE687 = {
						CreatedOnToolsVersion = 16.4;
						TestTargetID = 462670B62E3A825D009AE687;
					};
				};
			};
			buildConfigurationList = 462670B22E3A825D009AE687 /* Build configuration list for PBXProject "Dice" */;
			developmentRegion = en;
			hasScannedForEncodings = 0;
			knownRegions = (
				en,
				Base,
				base1,
			);
			mainGroup = 462670AE2E3A825D009AE687;
			minimizedProjectReferenceProxies = 1;
			preferredProjectObjectVersion = 77;
			productRefGroup = 462670B82E3A825D009AE687 /* Products */;
			projectDirPath = "";
			projectRoot = "";
			targets = (
				462670B62E3A825D009AE687 /* Dice */,
				462670C32E3A825E009AE687 /* DiceTests */,
				462670CD2E3A825E009AE687 /* DiceUITests */,
			);
		};
/* End PBXProject section */

/* Begin PBXResourcesBuildPhase section */
		462670B52E3A825D009AE687 /* Resources */ = {
			isa = PBXResourcesBuildPhase;
			buildActionMask = 2147483647;
			files = (
				46EB2CF42E3A8DC20053C617 /* Main.storyboard in Resources */,
				46EB2CF52E3A8DC20053C617 /* LaunchScreen.storyboard in Resources */,
				46EB2CFB2E3A93020053C617 /* Assets.xcassets in Resources */,
				46EB2CEC2E3A8B0F0053C617 /* art.scnassets in Resources */,
				46EB2CFF2E3A99DF0053C617 /* dice-roll.mp3 in Resources */,
			);
			runOnlyForDeploymentPostprocessing = 0;
		};
		462670C22E3A825E009AE687 /* Resources */ = {
			isa = PBXResourcesBuildPhase;
			buildActionMask = 2147483647;
			files = (
			);
			runOnlyForDeploymentPostprocessing = 0;
		};
		462670CC2E3A825E009AE687 /* Resources */ = {
			isa = PBXResourcesBuildPhase;
			buildActionMask = 2147483647;
			files = (
			);
			runOnlyForDeploymentPostprocessing = 0;
		};
/* End PBXResourcesBuildPhase section */

/* Begin PBXSourcesBuildPhase section */
		462670B32E3A825D009AE687 /* Sources */ = {
			isa = PBXSourcesBuildPhase;
			buildActionMask = 2147483647;
			files = (
				46EB2CE62E3A8A420053C617 /* DiceApp.swift in Sources */,
				46EB2CE72E3A8A420053C617 /* ContentView.swift in Sources */,
			);
			runOnlyForDeploymentPostprocessing = 0;
		};
		462670C02E3A825E009AE687 /* Sources */ = {
			isa = PBXSourcesBuildPhase;
			buildActionMask = 2147483647;
			files = (
			);
			runOnlyForDeploymentPostprocessing = 0;
		};
		462670CA2E3A825E009AE687 /* Sources */ = {
			isa = PBXSourcesBuildPhase;
			buildActionMask = 2147483647;
			files = (
			);
			runOnlyForDeploymentPostprocessing = 0;
		};
/* End PBXSourcesBuildPhase section */

/* Begin PBXTargetDependency section */
		462670C62E3A825E009AE687 /* PBXTargetDependency */ = {
			isa = PBXTargetDependency;
			target = 462670B62E3A825D009AE687 /* Dice */;
			targetProxy = 462670C52E3A825E009AE687 /* PBXContainerItemProxy */;
		};
		462670D02E3A825E009AE687 /* PBXTargetDependency */ = {
			isa = PBXTargetDependency;
			target = 462670B62E3A825D009AE687 /* Dice */;
			targetProxy = 462670CF2E3A825E009AE687 /* PBXContainerItemProxy */;
		};
/* End PBXTargetDependency section */

/* Begin PBXVariantGroup section */
		46EB2CF02E3A8DC20053C617 /* LaunchScreen.storyboard */ = {
			isa = PBXVariantGroup;
			children = (
				46EB2CEF2E3A8DC20053C617 /* Base */,
			);
			name = LaunchScreen.storyboard;
			sourceTree = "<group>";
		};
		46EB2CF22E3A8DC20053C617 /* Main.storyboard */ = {
			isa = PBXVariantGroup;
			children = (
				46EB2CF12E3A8DC20053C617 /* Base */,
			);
			name = Main.storyboard;
			sourceTree = "<group>";
		};
/* End PBXVariantGroup section */

/* Begin XCBuildConfiguration section */
		462670D62E3A825E009AE687 /* Debug */ = {
			isa = XCBuildConfiguration;
			buildSettings = {
				ALWAYS_SEARCH_USER_PATHS = NO;
				ASSETCATALOG_COMPILER_GENERATE_SWIFT_ASSET_SYMBOL_EXTENSIONS = YES;
				CLANG_ANALYZER_NONNULL = YES;
				CLANG_ANALYZER_NUMBER_OBJECT_CONVERSION = YES_AGGRESSIVE;
				CLANG_CXX_LANGUAGE_STANDARD = "gnu++20";
				CLANG_ENABLE_MODULES = YES;
				CLANG_ENABLE_OBJC_ARC = YES;
				CLANG_ENABLE_OBJC_WEAK = YES;
				CLANG_WARN_BLOCK_CAPTURE_AUTORELEASING = YES;
				CLANG_WARN_BOOL_CONVERSION = YES;
				CLANG_WARN_COMMA = YES;
				CLANG_WARN_CONSTANT_CONVERSION = YES;
				CLANG_WARN_DEPRECATED_OBJC_IMPLEMENTATIONS = YES;
				CLANG_WARN_DIRECT_OBJC_ISA_USAGE = YES_ERROR;
				CLANG_WARN_DOCUMENTATION_COMMENTS = YES;
				CLANG_WARN_EMPTY_BODY = YES;
				CLANG_WARN_ENUM_CONVERSION = YES;
				CLANG_WARN_INFINITE_RECURSION = YES;
				CLANG_WARN_INT_CONVERSION = YES;
				CLANG_WARN_NON_LITERAL_NULL_CONVERSION = YES;
				CLANG_WARN_OBJC_IMPLICIT_RETAIN_SELF = YES;
				CLANG_WARN_OBJC_LITERAL_CONVERSION = YES;
				CLANG_WARN_OBJC_ROOT_CLASS = YES_ERROR;
				CLANG_WARN_QUOTED_INCLUDE_IN_FRAMEWORK_HEADER = YES;
				CLANG_WARN_RANGE_LOOP_ANALYSIS = YES;
				CLANG_WARN_STRICT_PROTOTYPES = YES;
				CLANG_WARN_SUSPICIOUS_MOVE = YES;
				CLANG_WARN_UNGUARDED_AVAILABILITY = YES_AGGRESSIVE;
				CLANG_WARN_UNREACHABLE_CODE = YES;
				CLANG_WARN__DUPLICATE_METHOD_MATCH = YES;
				COPY_PHASE_STRIP = NO;
				DEBUG_INFORMATION_FORMAT = dwarf;
				DEVELOPMENT_TEAM = UNDRHA7SVG;
				ENABLE_STRICT_OBJC_MSGSEND = YES;
				ENABLE_TESTABILITY = YES;
				ENABLE_USER_SCRIPT_SANDBOXING = YES;
				GCC_C_LANGUAGE_STANDARD = gnu17;
				GCC_DYNAMIC_NO_PIC = NO;
				GCC_NO_COMMON_BLOCKS = YES;
				GCC_OPTIMIZATION_LEVEL = 0;
				GCC_PREPROCESSOR_DEFINITIONS = (
					"DEBUG=1",
					"$(inherited)",
				);
				GCC_WARN_64_TO_32_BIT_CONVERSION = YES;
				GCC_WARN_ABOUT_RETURN_TYPE = YES_ERROR;
				GCC_WARN_UNDECLARED_SELECTOR = YES;
				GCC_WARN_UNINITIALIZED_AUTOS = YES_AGGRESSIVE;
				GCC_WARN_UNUSED_FUNCTION = YES;
				GCC_WARN_UNUSED_VARIABLE = YES;
				IPHONEOS_DEPLOYMENT_TARGET = 18.5;
				LOCALIZATION_PREFERS_STRING_CATALOGS = YES;
				MTL_ENABLE_DEBUG_INFO = INCLUDE_SOURCE;
				MTL_FAST_MATH = YES;
				ONLY_ACTIVE_ARCH = YES;
				SDKROOT = iphoneos;
				SWIFT_ACTIVE_COMPILATION_CONDITIONS = "DEBUG $(inherited)";
				SWIFT_OPTIMIZATION_LEVEL = "-Onone";
			};
			name = Debug;
		};
		462670D72E3A825E009AE687 /* Release */ = {
			isa = XCBuildConfiguration;
			buildSettings = {
				ALWAYS_SEARCH_USER_PATHS = NO;
				ASSETCATALOG_COMPILER_GENERATE_SWIFT_ASSET_SYMBOL_EXTENSIONS = YES;
				CLANG_ANALYZER_NONNULL = YES;
				CLANG_ANALYZER_NUMBER_OBJECT_CONVERSION = YES_AGGRESSIVE;
				CLANG_CXX_LANGUAGE_STANDARD = "gnu++20";
				CLANG_ENABLE_MODULES = YES;
				CLANG_ENABLE_OBJC_ARC = YES;
				CLANG_ENABLE_OBJC_WEAK = YES;
				CLANG_WARN_BLOCK_CAPTURE_AUTORELEASING = YES;
				CLANG_WARN_BOOL_CONVERSION = YES;
				CLANG_WARN_COMMA = YES;
				CLANG_WARN_CONSTANT_CONVERSION = YES;
				CLANG_WARN_DEPRECATED_OBJC_IMPLEMENTATIONS = YES;
				CLANG_WARN_DIRECT_OBJC_ISA_USAGE = YES_ERROR;
				CLANG_WARN_DOCUMENTATION_COMMENTS = YES;
				CLANG_WARN_EMPTY_BODY = YES;
				CLANG_WARN_ENUM_CONVERSION = YES;
				CLANG_WARN_INFINITE_RECURSION = YES;
				CLANG_WARN_INT_CONVERSION = YES;
				CLANG_WARN_NON_LITERAL_NULL_CONVERSION = YES;
				CLANG_WARN_OBJC_IMPLICIT_RETAIN_SELF = YES;
				CLANG_WARN_OBJC_LITERAL_CONVERSION = YES;
				CLANG_WARN_OBJC_ROOT_CLASS = YES_ERROR;
				CLANG_WARN_QUOTED_INCLUDE_IN_FRAMEWORK_HEADER = YES;
				CLANG_WARN_RANGE_LOOP_ANALYSIS = YES;
				CLANG_WARN_STRICT_PROTOTYPES = YES;
				CLANG_WARN_SUSPICIOUS_MOVE = YES;
				CLANG_WARN_UNGUARDED_AVAILABILITY = YES_AGGRESSIVE;
				CLANG_WARN_UNREACHABLE_CODE = YES;
				CLANG_WARN__DUPLICATE_METHOD_MATCH = YES;
				COPY_PHASE_STRIP = NO;
				DEBUG_INFORMATION_FORMAT = "dwarf-with-dsym";
				DEVELOPMENT_TEAM = UNDRHA7SVG;
				ENABLE_NS_ASSERTIONS = NO;
				ENABLE_STRICT_OBJC_MSGSEND = YES;
				ENABLE_USER_SCRIPT_SANDBOXING = YES;
				GCC_C_LANGUAGE_STANDARD = gnu17;
				GCC_NO_COMMON_BLOCKS = YES;
				GCC_WARN_64_TO_32_BIT_CONVERSION = YES;
				GCC_WARN_ABOUT_RETURN_TYPE = YES_ERROR;
				GCC_WARN_UNDECLARED_SELECTOR = YES;
				GCC_WARN_UNINITIALIZED_AUTOS = YES_AGGRESSIVE;
				GCC_WARN_UNUSED_FUNCTION = YES;
				GCC_WARN_UNUSED_VARIABLE = YES;
				IPHONEOS_DEPLOYMENT_TARGET = 18.5;
				LOCALIZATION_PREFERS_STRING_CATALOGS = YES;
				MTL_ENABLE_DEBUG_INFO = NO;
				MTL_FAST_MATH = YES;
				SDKROOT = iphoneos;
				SWIFT_COMPILATION_MODE = wholemodule;
				VALIDATE_PRODUCT = YES;
			};
			name = Release;
		};
		462670D92E3A825E009AE687 /* Debug */ = {
			isa = XCBuildConfiguration;
			buildSettings = {
				ASSETCATALOG_COMPILER_APPICON_NAME = AppIcon;
				ASSETCATALOG_COMPILER_GLOBAL_ACCENT_COLOR_NAME = AccentColor;
				CODE_SIGN_STYLE = Automatic;
				CURRENT_PROJECT_VERSION = 1;
				DEVELOPMENT_TEAM = UNDRHA7SVG;
				ENABLE_PREVIEWS = YES;
				GENERATE_INFOPLIST_FILE = NO;
				INFOPLIST_FILE = "$(SRCROOT)/Dice/Info.plist";
				INFOPLIST_KEY_UIApplicationSceneManifest_Generation = YES;
				INFOPLIST_KEY_UIApplicationSupportsIndirectInputEvents = YES;
				INFOPLIST_KEY_UILaunchScreen_Generation = YES;
				INFOPLIST_KEY_UISupportedInterfaceOrientations_iPad = "UIInterfaceOrientationPortrait UIInterfaceOrientationPortraitUpsideDown UIInterfaceOrientationLandscapeLeft UIInterfaceOrientationLandscapeRight";
				INFOPLIST_KEY_UISupportedInterfaceOrientations_iPhone = "UIInterfaceOrientationPortrait UIInterfaceOrientationLandscapeLeft UIInterfaceOrientationLandscapeRight";
				LD_RUNPATH_SEARCH_PATHS = (
					"$(inherited)",
					"@executable_path/Frameworks",
				);
				MARKETING_VERSION = 1.0;
				PRODUCT_BUNDLE_IDENTIFIER = com.abhishek.Dice;
				PRODUCT_NAME = "$(TARGET_NAME)";
				SWIFT_EMIT_LOC_STRINGS = YES;
				SWIFT_VERSION = 5.0;
				TARGETED_DEVICE_FAMILY = "1,2";
			};
			name = Debug;
		};
		462670DA2E3A825E009AE687 /* Release */ = {
			isa = XCBuildConfiguration;
			buildSettings = {
				ASSETCATALOG_COMPILER_APPICON_NAME = AppIcon;
				ASSETCATALOG_COMPILER_GLOBAL_ACCENT_COLOR_NAME = AccentColor;
				CODE_SIGN_STYLE = Automatic;
				CURRENT_PROJECT_VERSION = 1;
				DEVELOPMENT_TEAM = UNDRHA7SVG;
				ENABLE_PREVIEWS = YES;
				GENERATE_INFOPLIST_FILE = NO;
				INFOPLIST_FILE = "$(SRCROOT)/Dice/Info.plist";
				INFOPLIST_KEY_UIApplicationSceneManifest_Generation = YES;
				INFOPLIST_KEY_UIApplicationSupportsIndirectInputEvents = YES;
				INFOPLIST_KEY_UILaunchScreen_Generation = YES;
				INFOPLIST_KEY_UISupportedInterfaceOrientations_iPad = "UIInterfaceOrientationPortrait UIInterfaceOrientationPortraitUpsideDown UIInterfaceOrientationLandscapeLeft UIInterfaceOrientationLandscapeRight";
				INFOPLIST_KEY_UISupportedInterfaceOrientations_iPhone = "UIInterfaceOrientationPortrait UIInterfaceOrientationLandscapeLeft UIInterfaceOrientationLandscapeRight";
				LD_RUNPATH_SEARCH_PATHS = (
					"$(inherited)",
					"@executable_path/Frameworks",
				);
				MARKETING_VERSION = 1.0;
				PRODUCT_BUNDLE_IDENTIFIER = com.abhishek.Dice;
				PRODUCT_NAME = "$(TARGET_NAME)";
				SWIFT_EMIT_LOC_STRINGS = YES;
				SWIFT_VERSION = 5.0;
				TARGETED_DEVICE_FAMILY = "1,2";
			};
			name = Release;
		};
		462670DC2E3A825E009AE687 /* Debug */ = {
			isa = XCBuildConfiguration;
			buildSettings = {
				BUNDLE_LOADER = "$(TEST_HOST)";
				CODE_SIGN_STYLE = Automatic;
				CURRENT_PROJECT_VERSION = 1;
				DEVELOPMENT_TEAM = UNDRHA7SVG;
				GENERATE_INFOPLIST_FILE = YES;
				IPHONEOS_DEPLOYMENT_TARGET = 18.5;
				MARKETING_VERSION = 1.0;
				PRODUCT_BUNDLE_IDENTIFIER = com.abhishek.DiceTests;
				PRODUCT_NAME = "$(TARGET_NAME)";
				SWIFT_EMIT_LOC_STRINGS = NO;
				SWIFT_VERSION = 5.0;
				TARGETED_DEVICE_FAMILY = "1,2";
				TEST_HOST = "$(BUILT_PRODUCTS_DIR)/Dice.app/$(BUNDLE_EXECUTABLE_FOLDER_PATH)/Dice";
			};
			name = Debug;
		};
		462670DD2E3A825E009AE687 /* Release */ = {
			isa = XCBuildConfiguration;
			buildSettings = {
				BUNDLE_LOADER = "$(TEST_HOST)";
				CODE_SIGN_STYLE = Automatic;
				CURRENT_PROJECT_VERSION = 1;
				DEVELOPMENT_TEAM = UNDRHA7SVG;
				GENERATE_INFOPLIST_FILE = YES;
				IPHONEOS_DEPLOYMENT_TARGET = 18.5;
				MARKETING_VERSION = 1.0;
				PRODUCT_BUNDLE_IDENTIFIER = com.abhishek.DiceTests;
				PRODUCT_NAME = "$(TARGET_NAME)";
				SWIFT_EMIT_LOC_STRINGS = NO;
				SWIFT_VERSION = 5.0;
				TARGETED_DEVICE_FAMILY = "1,2";
				TEST_HOST = "$(BUILT_PRODUCTS_DIR)/Dice.app/$(BUNDLE_EXECUTABLE_FOLDER_PATH)/Dice";
			};
			name = Release;
		};
		462670DF2E3A825E009AE687 /* Debug */ = {
			isa = XCBuildConfiguration;
			buildSettings = {
				CODE_SIGN_STYLE = Automatic;
				CURRENT_PROJECT_VERSION = 1;
				DEVELOPMENT_TEAM = UNDRHA7SVG;
				GENERATE_INFOPLIST_FILE = YES;
				MARKETING_VERSION = 1.0;
				PRODUCT_BUNDLE_IDENTIFIER = com.abhishek.DiceUITests;
				PRODUCT_NAME = "$(TARGET_NAME)";
				SWIFT_EMIT_LOC_STRINGS = NO;
				SWIFT_VERSION = 5.0;
				TARGETED_DEVICE_FAMILY = "1,2";
				TEST_TARGET_NAME = Dice;
			};
			name = Debug;
		};
		462670E02E3A825E009AE687 /* Release */ = {
			isa = XCBuildConfiguration;
			buildSettings = {
				CODE_SIGN_STYLE = Automatic;
				CURRENT_PROJECT_VERSION = 1;
				DEVELOPMENT_TEAM = UNDRHA7SVG;
				GENERATE_INFOPLIST_FILE = YES;
				MARKETING_VERSION = 1.0;
				PRODUCT_BUNDLE_IDENTIFIER = com.abhishek.DiceUITests;
				PRODUCT_NAME = "$(TARGET_NAME)";
				SWIFT_EMIT_LOC_STRINGS = NO;
				SWIFT_VERSION = 5.0;
				TARGETED_DEVICE_FAMILY = "1,2";
				TEST_TARGET_NAME = Dice;
			};
			name = Release;
		};
/* End XCBuildConfiguration section */

/* Begin XCConfigurationList section */
		462670B22E3A825D009AE687 /* Build configuration list for PBXProject "Dice" */ = {
			isa = XCConfigurationList;
			buildConfigurations = (
				462670D62E3A825E009AE687 /* Debug */,
				462670D72E3A825E009AE687 /* Release */,
			);
			defaultConfigurationIsVisible = 0;
			defaultConfigurationName = Release;
		};
		462670D82E3A825E009AE687 /* Build configuration list for PBXNativeTarget "Dice" */ = {
			isa = XCConfigurationList;
			buildConfigurations = (
				462670D92E3A825E009AE687 /* Debug */,
				462670DA2E3A825E009AE687 /* Release */,
			);
			defaultConfigurationIsVisible = 0;
			defaultConfigurationName = Release;
		};
		462670DB2E3A825E009AE687 /* Build configuration list for PBXNativeTarget "DiceTests" */ = {
			isa = XCConfigurationList;
			buildConfigurations = (
				462670DC2E3A825E009AE687 /* Debug */,
				462670DD2E3A825E009AE687 /* Release */,
			);
			defaultConfigurationIsVisible = 0;
			defaultConfigurationName = Release;
		};
		462670DE2E3A825E009AE687 /* Build configuration list for PBXNativeTarget "DiceUITests" */ = {
			isa = XCConfigurationList;
			buildConfigurations = (
				462670DF2E3A825E009AE687 /* Debug */,
				462670E02E3A825E009AE687 /* Release */,
			);
			defaultConfigurationIsVisible = 0;
			defaultConfigurationName = Release;
		};
/* End XCConfigurationList section */
	};
	rootObject = 462670AF2E3A825D009AE687 /* Project object */;
}
